
Microsoft Visual Studio Solution File, Format Version 12.00
# Visual Studio Version 16
VisualStudioVersion = 16.0.29519.181
MinimumVisualStudioVersion = 10.0.40219.1
Project("{FAE04EC0-301F-11D3-BF4B-00C04F79EFBC}") = "DzCLass", "DzCLass\DzCLass.csproj", "{69E68479-C821-4B1E-9502-9F293139CFD9}"
EndProject
Global
	GlobalSection(SolutionConfigurationPlatforms) = preSolution
		Debug|Any CPU = Debug|Any CPU
		Release|Any CPU = Release|Any CPU
	EndGlobalSection
	GlobalSection(ProjectConfigurationPlatforms) = postSolution
		{69E68479-C821-4B1E-9502-9F293139CFD9}.Debug|Any CPU.ActiveCfg = Debug|Any CPU
		{69E68479-C821-4B1E-9502-9F293139CFD9}.Debug|Any CPU.Build.0 = Debug|Any CPU
		{69E68479-C821-4B1E-9502-9F293139CFD9}.Release|Any CPU.ActiveCfg = Release|Any CPU
		{69E68479-C821-4B1E-9502-9F293139CFD9}.Release|Any CPU.Build.0 = Release|Any CPU
	EndGlobalSection
	GlobalSection(SolutionProperties) = preSolution
		HideSolutionNode = FALSE
	EndGlobalSection
	GlobalSection(ExtensibilityGlobals) = postSolution
		SolutionGuid = {B808AF1C-8C2E-41C0-973D-CC456C1E984C}
	EndGlobalSection
EndGlobal
